github.com/madflojo/tarmac/pkg/sdk v0.0.0-20230320032409-15cea59e9e26 h1:yJN4X1HtQaDqKb49wrKLAYxR7EHs6DRdDQK6B6PPTmg=
github.com/madflojo/tarmac/pkg/sdk v0.0.0-20230320032409-15cea59e9e26/go.mod h1:mUxc4sw0vpBVcJFyCXpSqeWr6MwpvnZS33bgqOCI1N8=
github.com/valyala/fastjson v1.6.4 h1:uAUNq9Z6ymTgGhcm0UynUAB6tlbakBrz6CQFax3BXVQ=
github.com/valyala/fastjson v1.6.4/go.mod h1:CLCAqky6SMuOcxStkYQvblddUtoRxhYMGLrsQns1aXY=
github.com/wapc/wapc-guest-tinygo v0.3.3 h1:jLebiwjVSHLGnS+BRabQ6+XOV7oihVWAc05Hf1SbeR0=
github.com/wapc/wapc-guest-tinygo v0.3.3/go.mod h1:mzM3CnsdSYktfPkaBdZ8v88ZlfUDEy5Jh5XBOV3fYcw=
