github.com/tarmac-project/sdk v0.2.0 h1:pdqigefrrUjVT0pFEPBbdw4m5nHEInccZovirMbjnBo=
github.com/tarmac-project/sdk v0.2.0/go.mod h1:G1FkDLzCzIuAhKbCfzbqeOpB3eBAS0tmMCeb5q0ID0s=
github.com/tarmac-project/sdk/hostmock v0.1.1 h1:jXpfWJl5C7DHZve5r9gPcZMXA/rTkCYQjQnNznvZQdk=
github.com/tarmac-project/sdk/hostmock v0.1.1/go.mod h1:/P5qk7whFjWK1M7iH7kLad9eFsvWc9vWEe64zB1XrbI=
github.com/tarmac-project/sdk/logging v0.2.0 h1:+XKm6BUcfgMLG9IGCQY/17gs5pjipJYU8jCfN6p8oyw=
github.com/tarmac-project/sdk/logging v0.2.0/go.mod h1:VE5RXrlM42/hTzg8iU6GT6Uqbx3U23wce4tTmXXd9jU=
github.com/wapc/wapc-guest-tinygo v0.3.3 h1:jLebiwjVSHLGnS+BRabQ6+XOV7oihVWAc05Hf1SbeR0=
github.com/wapc/wapc-guest-tinygo v0.3.3/go.mod h1:mzM3CnsdSYktfPkaBdZ8v88ZlfUDEy5Jh5XBOV3fYcw=
