github.com/madflojo/tarmac v0.3.1-0.20230320022613-95ec69339e04 h1:dvk04bkVMrbKlzIRUQz0ohfLkLZ9RTHekP7+AvxEIns=
github.com/madflojo/tarmac v0.3.1-0.20230320022613-95ec69339e04/go.mod h1:xXfc3Eh5CQUHV47IVWhrzM7+se7vlfsUXZQOcAA0b9o=
github.com/pquerna/ffjson v0.0.0-20190930134022-aa0246cd15f7 h1:xoIK0ctDddBMnc74udxJYBqlo9Ylnsp1waqjLsnef20=
github.com/valyala/fastjson v1.6.4 h1:uAUNq9Z6ymTgGhcm0UynUAB6tlbakBrz6CQFax3BXVQ=
github.com/valyala/fastjson v1.6.4/go.mod h1:CLCAqky6SMuOcxStkYQvblddUtoRxhYMGLrsQns1aXY=
github.com/wapc/wapc-guest-tinygo v0.3.3 h1:jLebiwjVSHLGnS+BRabQ6+XOV7oihVWAc05Hf1SbeR0=
github.com/wapc/wapc-guest-tinygo v0.3.3/go.mod h1:mzM3CnsdSYktfPkaBdZ8v88ZlfUDEy5Jh5XBOV3fYcw=
