github.com/madflojo/tarmac/pkg/sdk v0.0.0-20230321144106-5660ed0833f7 h1:tmyYxD0OCK7e5/bFlv+tUfEYkJiPVddVv9gRyK335bc=
github.com/madflojo/tarmac/pkg/sdk v0.0.0-20230321144106-5660ed0833f7/go.mod h1:mUxc4sw0vpBVcJFyCXpSqeWr6MwpvnZS33bgqOCI1N8=
github.com/madflojo/tarmac/pkg/sdk v0.0.0-20230321151604-26290eb26344 h1:78AHg7YcWjopfaihgTCUQfCXBysp/GUIYM1d3BUWdZA=
github.com/madflojo/tarmac/pkg/sdk v0.0.0-20230321151604-26290eb26344/go.mod h1:mUxc4sw0vpBVcJFyCXpSqeWr6MwpvnZS33bgqOCI1N8=
github.com/pquerna/ffjson v0.0.0-20190930134022-aa0246cd15f7 h1:xoIK0ctDddBMnc74udxJYBqlo9Ylnsp1waqjLsnef20=
github.com/valyala/fastjson v1.6.4 h1:uAUNq9Z6ymTgGhcm0UynUAB6tlbakBrz6CQFax3BXVQ=
github.com/valyala/fastjson v1.6.4/go.mod h1:CLCAqky6SMuOcxStkYQvblddUtoRxhYMGLrsQns1aXY=
github.com/wapc/wapc-guest-tinygo v0.3.3 h1:jLebiwjVSHLGnS+BRabQ6+XOV7oihVWAc05Hf1SbeR0=
github.com/wapc/wapc-guest-tinygo v0.3.3/go.mod h1:mzM3CnsdSYktfPkaBdZ8v88ZlfUDEy5Jh5XBOV3fYcw=
