github.com/google/go-cmp v0.5.5 h1:Khx7svrCpmxxtHBq5j2mp/xVjsi8hQMfNLvJFAlrGgU=
github.com/google/go-cmp v0.5.5/go.mod h1:v8dTdLbMG2kIc/vJvl+f65V22dbkXbowE6jgT/gNBxE=
github.com/planetscale/vtprotobuf v0.6.0 h1:nBeETjudeJ5ZgBHUz1fVHvbqUKnYOXNhsIEabROxmNA=
github.com/planetscale/vtprotobuf v0.6.0/go.mod h1:t/avpk3KcrXxUnYOhZhMXJlSEyie6gQbtLq5NM3loB8=
github.com/pquerna/ffjson v0.0.0-20190930134022-aa0246cd15f7 h1:xoIK0ctDddBMnc74udxJYBqlo9Ylnsp1waqjLsnef20=
github.com/pquerna/ffjson v0.0.0-20190930134022-aa0246cd15f7/go.mod h1:YARuvh7BUWHNhzDq2OM5tzR2RiCcN2D7sapiKyCel/M=
github.com/tarmac-project/protobuf-go v0.0.0-20241006222641-e31a4349f2b8 h1:RgbhOg4t09fylA1limKplGMXi3HS8altC6Q4lHIkVaI=
github.com/tarmac-project/protobuf-go v0.0.0-20241006222641-e31a4349f2b8/go.mod h1:TtJAJlZ8d1xmkN32J8HHtvWOBPZMxEOg//yJeBXfbmw=
github.com/tarmac-project/tarmac/pkg/sdk v0.5.0 h1:QKsEf6SXTYrJM9/B4cNoM4RS3/rzuViJaiutEcdSRZQ=
github.com/tarmac-project/tarmac/pkg/sdk v0.5.0/go.mod h1:UTKYV0QFdkJDgV2sJcnuCujVy49MCd8bgi2JmwviJ6E=
github.com/valyala/fastjson v1.6.4 h1:uAUNq9Z6ymTgGhcm0UynUAB6tlbakBrz6CQFax3BXVQ=
github.com/valyala/fastjson v1.6.4/go.mod h1:CLCAqky6SMuOcxStkYQvblddUtoRxhYMGLrsQns1aXY=
github.com/wapc/wapc-guest-tinygo v0.3.3 h1:jLebiwjVSHLGnS+BRabQ6+XOV7oihVWAc05Hf1SbeR0=
github.com/wapc/wapc-guest-tinygo v0.3.3/go.mod h1:mzM3CnsdSYktfPkaBdZ8v88ZlfUDEy5Jh5XBOV3fYcw=
golang.org/x/xerrors v0.0.0-20191204190536-9bdfabe68543 h1:E7g+9GITq07hpfrRu66IVDexMakfv52eLZ2CXBWiKr4=
golang.org/x/xerrors v0.0.0-20191204190536-9bdfabe68543/go.mod h1:I/5z698sn9Ka8TeJc9MKroUUfqBBauWjQqLJ2OPfmY0=
google.golang.org/protobuf v1.35.1 h1:m3LfL6/Ca+fqnjnlqQXNpFPABW1UD7mjh8KO2mKFytA=
google.golang.org/protobuf v1.35.1/go.mod h1:9fA7Ob0pmnwhb644+1+CVWFRbNajQ6iRojtC/QF5bRE=
